
Microsoft Visual Studio Solution File, Format Version 12.00
# Visual Studio Version 17
VisualStudioVersion = 17.9.34607.119
MinimumVisualStudioVersion = 10.0.40219.1
Project("{9A19103F-16F7-4668-BE54-9A1E7A4F7556}") = "Orders.Backend", "Orders.Backend\Orders.Backend.csproj", "{3D209019-79CA-4737-AF7F-ABDDD523E730}"
EndProject
Project("{9A19103F-16F7-4668-BE54-9A1E7A4F7556}") = "Orders.Frontend", "Orders.Frontend\Orders.Frontend.csproj", "{7C46AC3C-F354-4EB3-B0F1-8D277663B2FD}"
EndProject
Project("{9A19103F-16F7-4668-BE54-9A1E7A4F7556}") = "Orders.Shared", "Orders.Shared\Orders.Shared.csproj", "{BD969B89-372B-42DF-B024-CE8B6B056391}"
EndProject
Project("{9A19103F-16F7-4668-BE54-9A1E7A4F7556}") = "Orders.Tests", "Orders.Tests\Orders.Tests.csproj", "{C0BD6BE8-096B-486E-847C-A8D79227C4FF}"
EndProject
Global
	GlobalSection(SolutionConfigurationPlatforms) = preSolution
		Debug|Any CPU = Debug|Any CPU
		Release|Any CPU = Release|Any CPU
	EndGlobalSection
	GlobalSection(ProjectConfigurationPlatforms) = postSolution
		{3D209019-79CA-4737-AF7F-ABDDD523E730}.Debug|Any CPU.ActiveCfg = Debug|Any CPU
		{3D209019-79CA-4737-AF7F-ABDDD523E730}.Debug|Any CPU.Build.0 = Debug|Any CPU
		{3D209019-79CA-4737-AF7F-ABDDD523E730}.Release|Any CPU.ActiveCfg = Release|Any CPU
		{3D209019-79CA-4737-AF7F-ABDDD523E730}.Release|Any CPU.Build.0 = Release|Any CPU
		{7C46AC3C-F354-4EB3-B0F1-8D277663B2FD}.Debug|Any CPU.ActiveCfg = Debug|Any CPU
		{7C46AC3C-F354-4EB3-B0F1-8D277663B2FD}.Debug|Any CPU.Build.0 = Debug|Any CPU
		{7C46AC3C-F354-4EB3-B0F1-8D277663B2FD}.Release|Any CPU.ActiveCfg = Release|Any CPU
		{7C46AC3C-F354-4EB3-B0F1-8D277663B2FD}.Release|Any CPU.Build.0 = Release|Any CPU
		{BD969B89-372B-42DF-B024-CE8B6B056391}.Debug|Any CPU.ActiveCfg = Debug|Any CPU
		{BD969B89-372B-42DF-B024-CE8B6B056391}.Debug|Any CPU.Build.0 = Debug|Any CPU
		{BD969B89-372B-42DF-B024-CE8B6B056391}.Release|Any CPU.ActiveCfg = Release|Any CPU
		{BD969B89-372B-42DF-B024-CE8B6B056391}.Release|Any CPU.Build.0 = Release|Any CPU
		{C0BD6BE8-096B-486E-847C-A8D79227C4FF}.Debug|Any CPU.ActiveCfg = Debug|Any CPU
		{C0BD6BE8-096B-486E-847C-A8D79227C4FF}.Debug|Any CPU.Build.0 = Debug|Any CPU
		{C0BD6BE8-096B-486E-847C-A8D79227C4FF}.Release|Any CPU.ActiveCfg = Release|Any CPU
		{C0BD6BE8-096B-486E-847C-A8D79227C4FF}.Release|Any CPU.Build.0 = Release|Any CPU
	EndGlobalSection
	GlobalSection(SolutionProperties) = preSolution
		HideSolutionNode = FALSE
	EndGlobalSection
	GlobalSection(ExtensibilityGlobals) = postSolution
		SolutionGuid = {13F9B734-18E3-44EB-A416-E52EFD729F84}
	EndGlobalSection
EndGlobal
